
Microsoft Visual Studio Solution File, Format Version 12.00
# Visual Studio Version 16
VisualStudioVersion = 16.0.29209.62
MinimumVisualStudioVersion = 10.0.40219.1
Project("{FAE04EC0-301F-11D3-BF4B-00C04F79EFBC}") = "Tests", "Tests\Tests.csproj", "{8AE3B590-3354-4144-BEA0-6AC765F88620}"
EndProject
Global
	GlobalSection(SolutionConfigurationPlatforms) = preSolution
		Debug|Any CPU = Debug|Any CPU
		Release|Any CPU = Release|Any CPU
	EndGlobalSection
	GlobalSection(ProjectConfigurationPlatforms) = postSolution
		{8AE3B590-3354-4144-BEA0-6AC765F88620}.Debug|Any CPU.ActiveCfg = Debug|Any CPU
		{8AE3B590-3354-4144-BEA0-6AC765F88620}.Debug|Any CPU.Build.0 = Debug|Any CPU
		{8AE3B590-3354-4144-BEA0-6AC765F88620}.Release|Any CPU.ActiveCfg = Release|Any CPU
		{8AE3B590-3354-4144-BEA0-6AC765F88620}.Release|Any CPU.Build.0 = Release|Any CPU
	EndGlobalSection
	GlobalSection(SolutionProperties) = preSolution
		HideSolutionNode = FALSE
	EndGlobalSection
	GlobalSection(ExtensibilityGlobals) = postSolution
		SolutionGuid = {C7F06F62-A0A7-4A31-8C6A-48618C91B23D}
	EndGlobalSection
EndGlobal
